
Microsoft Visual Studio Solution File, Format Version 12.00
# Visual Studio Version 17
VisualStudioVersion = 17.9.34728.123
MinimumVisualStudioVersion = 10.0.40219.1
Project("{FAE04EC0-301F-11D3-BF4B-00C04F79EFBC}") = "MySQLSample", "MySQLSample\MySQLSample.csproj", "{83626168-2DD3-4A26-85DD-0598E48FBB31}"
EndProject
Global
	GlobalSection(SolutionConfigurationPlatforms) = preSolution
		Debug|Any CPU = Debug|Any CPU
		Release|Any CPU = Release|Any CPU
	EndGlobalSection
	GlobalSection(ProjectConfigurationPlatforms) = postSolution
		{83626168-2DD3-4A26-85DD-0598E48FBB31}.Debug|Any CPU.ActiveCfg = Debug|Any CPU
		{83626168-2DD3-4A26-85DD-0598E48FBB31}.Debug|Any CPU.Build.0 = Debug|Any CPU
		{83626168-2DD3-4A26-85DD-0598E48FBB31}.Release|Any CPU.ActiveCfg = Release|Any CPU
		{83626168-2DD3-4A26-85DD-0598E48FBB31}.Release|Any CPU.Build.0 = Release|Any CPU
	EndGlobalSection
	GlobalSection(SolutionProperties) = preSolution
		HideSolutionNode = FALSE
	EndGlobalSection
	GlobalSection(ExtensibilityGlobals) = postSolution
		SolutionGuid = {F279C9F0-4EF3-49D4-A424-C9FDAE86428C}
	EndGlobalSection
EndGlobal
